
Microsoft Visual Studio Solution File, Format Version 12.00
# Visual Studio Version 17
VisualStudioVersion = 17.4.33122.133
MinimumVisualStudioVersion = 10.0.40219.1
Project("{FAE04EC0-301F-11D3-BF4B-00C04F79EFBC}") = "HelpStockApp.Domain", "HelpStockApp.Domain\HelpStockApp.Domain.csproj", "{FBB294DA-99F8-4BEA-8296-B256CCA9145C}"
EndProject
Global
	GlobalSection(SolutionConfigurationPlatforms) = preSolution
		Debug|Any CPU = Debug|Any CPU
		Release|Any CPU = Release|Any CPU
	EndGlobalSection
	GlobalSection(ProjectConfigurationPlatforms) = postSolution
		{FBB294DA-99F8-4BEA-8296-B256CCA9145C}.Debug|Any CPU.ActiveCfg = Debug|Any CPU
		{FBB294DA-99F8-4BEA-8296-B256CCA9145C}.Debug|Any CPU.Build.0 = Debug|Any CPU
		{FBB294DA-99F8-4BEA-8296-B256CCA9145C}.Release|Any CPU.ActiveCfg = Release|Any CPU
		{FBB294DA-99F8-4BEA-8296-B256CCA9145C}.Release|Any CPU.Build.0 = Release|Any CPU
	EndGlobalSection
	GlobalSection(SolutionProperties) = preSolution
		HideSolutionNode = FALSE
	EndGlobalSection
	GlobalSection(ExtensibilityGlobals) = postSolution
		SolutionGuid = {6EDEBC32-A0C5-4DA8-9A76-ABAABB3112CE}
	EndGlobalSection
EndGlobal
